
Microsoft Visual Studio Solution File, Format Version 12.00
# Visual Studio Version 17
VisualStudioVersion = 17.14.36310.24 d17.14
MinimumVisualStudioVersion = 10.0.40219.1
Project("{FAE04EC0-301F-11D3-BF4B-00C04F79EFBC}") = "Ship.DeploymentService", "Ship.DeploymentService.csproj", "{A10559E9-7001-8E9B-1022-2193DAAF032A}"
EndProject
Global
	GlobalSection(SolutionConfigurationPlatforms) = preSolution
		Debug|Any CPU = Debug|Any CPU
		Release|Any CPU = Release|Any CPU
	EndGlobalSection
	GlobalSection(ProjectConfigurationPlatforms) = postSolution
		{A10559E9-7001-8E9B-1022-2193DAAF032A}.Debug|Any CPU.ActiveCfg = Debug|Any CPU
		{A10559E9-7001-8E9B-1022-2193DAAF032A}.Debug|Any CPU.Build.0 = Debug|Any CPU
		{A10559E9-7001-8E9B-1022-2193DAAF032A}.Release|Any CPU.ActiveCfg = Release|Any CPU
		{A10559E9-7001-8E9B-1022-2193DAAF032A}.Release|Any CPU.Build.0 = Release|Any CPU
	EndGlobalSection
	GlobalSection(SolutionProperties) = preSolution
		HideSolutionNode = FALSE
	EndGlobalSection
	GlobalSection(ExtensibilityGlobals) = postSolution
		SolutionGuid = {312A4376-1C16-4DF7-B0D8-2CB253C371D2}
	EndGlobalSection
EndGlobal
